
Microsoft Visual Studio Solution File, Format Version 12.00
# Visual Studio 15
VisualStudioVersion = 15.0.28307.1145
MinimumVisualStudioVersion = 10.0.40219.1
Project("{FAE04EC0-301F-11D3-BF4B-00C04F79EFBC}") = "MetaDataValidationCore", "MetaDataValidationCore\MetaDataValidationCore.csproj", "{90983A3B-71F1-42A4-88B5-885BD53EFDDB}"
EndProject
Global
	GlobalSection(SolutionConfigurationPlatforms) = preSolution
		Debug|Any CPU = Debug|Any CPU
		Release|Any CPU = Release|Any CPU
	EndGlobalSection
	GlobalSection(ProjectConfigurationPlatforms) = postSolution
		{90983A3B-71F1-42A4-88B5-885BD53EFDDB}.Debug|Any CPU.ActiveCfg = Debug|Any CPU
		{90983A3B-71F1-42A4-88B5-885BD53EFDDB}.Debug|Any CPU.Build.0 = Debug|Any CPU
		{90983A3B-71F1-42A4-88B5-885BD53EFDDB}.Release|Any CPU.ActiveCfg = Release|Any CPU
		{90983A3B-71F1-42A4-88B5-885BD53EFDDB}.Release|Any CPU.Build.0 = Release|Any CPU
	EndGlobalSection
	GlobalSection(SolutionProperties) = preSolution
		HideSolutionNode = FALSE
	EndGlobalSection
	GlobalSection(ExtensibilityGlobals) = postSolution
		SolutionGuid = {1F9EB90C-DD77-4B22-A120-0CD4637CF7EE}
	EndGlobalSection
EndGlobal
